buf.build/gen/go/bufbuild/protovalidate/protocolbuffers/go v1.34.2-20240508200655-46a4cf4ba109.2 h1:cFrEG/pJch6t62+jqndcPXeTNkYcztS4tBRgNkR+drw=
buf.build/gen/go/bufbuild/protovalidate/protocolbuffers/go v1.34.2-20240508200655-46a4cf4ba109.2/go.mod h1:ylS4c28ACSI59oJrOdW4pHS4n0Hw4TgSPHn8rpHl4Yw=
connectrpc.com/connect v1.16.2 h1:ybd6y+ls7GOlb7Bh5C8+ghA6SvCBajHwxssO2CGFjqE=
connectrpc.com/connect v1.16.2/go.mod h1:n2kgwskMHXC+lVqb18wngEpF95ldBHXjZYJussz5FRc=
github.com/StatelyCloud/stately/gocommon v0.0.0-20240628222138-540de123fece h1:QH/xo0Qa07RQMQaRNUCeBL5RgTnAVXBPwc0N/grP9pw=
github.com/StatelyCloud/stately/gocommon v0.0.0-20240628222138-540de123fece/go.mod h1:BjNbIE+vEVg7TYe05NnRuO1fmNwudT9+3s8tqvNyPHg=
github.com/StatelyCloud/stately/schema/lib v0.0.0-20240715165841-180927d6db8c h1:V4SnPrxleuvlbBs83ezPl+cb6BrsvczHhS7zw8nvu0s=
github.com/StatelyCloud/stately/schema/lib v0.0.0-20240715165841-180927d6db8c/go.mod h1:DJ1JnyN7fOpd0F7jAtk8rnY+S5DwpzAD26HVjlWSpng=
github.com/antlr4-go/antlr/v4 v4.13.0 h1:lxCg3LAv+EUK6t1i0y1V6/SLeUi0eKEKdhQAlS8TVTI=
github.com/antlr4-go/antlr/v4 v4.13.0/go.mod h1:pfChB/xh/Unjila75QW7+VU4TSnWnnk9UTnmpPaOR2g=
github.com/aws/aws-sdk-go-v2 v1.30.3 h1:jUeBtG0Ih+ZIFH0F4UkmL9w3cSpaMv9tYYDbzILP8dY=
github.com/aws/aws-sdk-go-v2 v1.30.3/go.mod h1:nIQjQVp5sfpQcTc9mPSr1B0PaWK5ByX9MOoDadSN4lc=
github.com/aws/aws-sdk-go-v2/internal/configsources v1.3.15 h1:SoNJ4RlFEQEbtDcCEt+QG56MY4fm4W8rYirAmq+/DdU=
github.com/aws/aws-sdk-go-v2/internal/configsources v1.3.15/go.mod h1:U9ke74k1n2bf+RIgoX1SXFed1HLs51OgUSs+Ph0KJP8=
github.com/aws/aws-sdk-go-v2/internal/endpoints/v2 v2.6.15 h1:C6WHdGnTDIYETAm5iErQUiVNsclNx9qbJVPIt03B6bI=
github.com/aws/aws-sdk-go-v2/internal/endpoints/v2 v2.6.15/go.mod h1:ZQLZqhcu+JhSrA9/NXRm8SkDvsycE+JkV3WGY41e+IM=
github.com/aws/aws-sdk-go-v2/service/dynamodb v1.34.3 h1:nEhZKd1JQ4EB1tekcqW1oIVpDC1ZFrjrp/cLC5MXjFQ=
github.com/aws/aws-sdk-go-v2/service/dynamodb v1.34.3/go.mod h1:q9vzW3Xr1KEXa8n4waHiFt1PrppNDlMymlYP+xpsFbY=
github.com/aws/aws-sdk-go-v2/service/internal/accept-encoding v1.11.3 h1:dT3MqvGhSoaIhRseqw2I0yH81l7wiR2vjs57O51EAm8=
github.com/aws/aws-sdk-go-v2/service/internal/accept-encoding v1.11.3/go.mod h1:GlAeCkHwugxdHaueRr4nhPuY+WW+gR8UjlcqzPr1SPI=
github.com/aws/aws-sdk-go-v2/service/internal/endpoint-discovery v1.9.16 h1:lhAX5f7KpgwyieXjbDnRTjPEUI0l3emSRyxXj1PXP8w=
github.com/aws/aws-sdk-go-v2/service/internal/endpoint-discovery v1.9.16/go.mod h1:AblAlCwvi7Q/SFowvckgN+8M3uFPlopSYeLlbNDArhA=
github.com/aws/smithy-go v1.20.3 h1:ryHwveWzPV5BIof6fyDvor6V3iUL7nTfiTKXHiW05nE=
github.com/aws/smithy-go v1.20.3/go.mod h1:krry+ya/rV9RDcV/Q16kpu6ypI4K2czasz0NC3qS14E=
github.com/bufbuild/protovalidate-go v0.6.3 h1:wxQyzW035zM16Binbaz/nWAzS12dRIXhZdSUWRY7Fv0=
github.com/bufbuild/protovalidate-go v0.6.3/go.mod h1:J4PtwP9Z2YAGgB0+o+tTWEDtLtXvz/gfhFZD8pbzM/U=
github.com/creack/pty v1.1.9/go.mod h1:oKZEueFk5CKHvIhNR5MUki03XCEU+Q6VDXinZuGJ33E=
github.com/davecgh/go-spew v1.1.0/go.mod h1:J7Y8YcW2NihsgmVo/mv3lAwl/skON4iLHjSsI+c5H38=
github.com/davecgh/go-spew v1.1.1 h1:vj9j/u1bqnvCEfJOwUhtlOARqs3+rkHYY13jYWTU97c=
github.com/davecgh/go-spew v1.1.1/go.mod h1:J7Y8YcW2NihsgmVo/mv3lAwl/skON4iLHjSsI+c5H38=
github.com/drshriveer/gtools/genum v0.0.0-20240314211858-40dccd828943 h1:EH7946+Eg6wRYA5jwaxD0NlLuXcSwf5m/+UCriPBTGw=
github.com/drshriveer/gtools/genum v0.0.0-20240314211858-40dccd828943/go.mod h1:DG3jcUwZotRIXb94Rvqdfkv+BfadcsCmU8IBZ8hh1AE=
github.com/envoyproxy/protoc-gen-validate v1.0.4 h1:gVPz/FMfvh57HdSJQyvBtF00j8JU4zdyUgIUNhlgg0A=
github.com/envoyproxy/protoc-gen-validate v1.0.4/go.mod h1:qys6tmnRsYrQqIhm2bvKZH4Blx/1gTIZ2UKVY1M+Yew=
github.com/google/cel-go v0.20.1 h1:nDx9r8S3L4pE61eDdt8igGj8rf5kjYR3ILxWIpWNi84=
github.com/google/cel-go v0.20.1/go.mod h1:kWcIzTsPX0zmQ+H3TirHstLLf9ep5QTsZBN9u4dOYLg=
github.com/google/go-cmp v0.6.0 h1:ofyhxvXcZhMsU5ulbFiLKl/XBFqE1GSq7atu8tAmTRI=
github.com/google/go-cmp v0.6.0/go.mod h1:17dUlkBOakJ0+DkrSSNjCkIjxS6bF9zb3elmeNGIjoY=
github.com/iancoleman/strcase v0.3.0 h1:nTXanmYxhfFAMjZL34Ov6gkzEsSJZ5DbhxWjvSASxEI=
github.com/iancoleman/strcase v0.3.0/go.mod h1:iwCmte+B7n89clKwxIoIXy/HfoL7AsD47ZCWhYzw7ho=
github.com/jmespath/go-jmespath v0.4.0 h1:BEgLn5cpjn8UN1mAw4NjwDrS35OdebyEtFe+9YPoQUg=
github.com/jmespath/go-jmespath v0.4.0/go.mod h1:T8mJZnbsbmF+m6zOOFylbeCJqk5+pHWvzYPziyZiYoo=
github.com/jmespath/go-jmespath/internal/testify v1.5.1 h1:shLQSRRSCCPj3f2gpwzGwWFoC7ycTf1rcQZHOlsJ6N8=
github.com/jmespath/go-jmespath/internal/testify v1.5.1/go.mod h1:L3OGu8Wl2/fWfCI6z80xFu9LTZmf1ZRjMHUOPmWr69U=
github.com/kr/pretty v0.2.1/go.mod h1:ipq/a2n7PKx3OHsz4KJII5eveXtPO4qwEXGdVfWzfnI=
github.com/kr/pretty v0.3.1 h1:flRD4NNwYAUpkphVc1HcthR4KEIFJ65n8Mw5qdRn3LE=
github.com/kr/pretty v0.3.1/go.mod h1:hoEshYVHaxMs3cyo3Yncou5ZscifuDolrwPKZanG3xk=
github.com/kr/pty v1.1.1/go.mod h1:pFQYn66WHrOpPYNljwOMqo10TkYh1fy3cYio2l3bCsQ=
github.com/kr/text v0.1.0/go.mod h1:4Jbv+DJW3UT/LiOwJeYQe1efqtUx/iVham/4vfdArNI=
github.com/kr/text v0.2.0 h1:5Nx0Ya0ZqY2ygV366QzturHI13Jq95ApcVaJBhpS+AY=
github.com/kr/text v0.2.0/go.mod h1:eLer722TekiGuMkidMxC/pM04lWEeraHUUmBw8l2grE=
github.com/pkg/diff v0.0.0-20210226163009-20ebb0f2a09e/go.mod h1:pJLUxLENpZxwdsKMEsNbx1VGcRFpLqf3715MtcvvzbA=
github.com/planetscale/vtprotobuf v0.6.0 h1:nBeETjudeJ5ZgBHUz1fVHvbqUKnYOXNhsIEabROxmNA=
github.com/planetscale/vtprotobuf v0.6.0/go.mod h1:t/avpk3KcrXxUnYOhZhMXJlSEyie6gQbtLq5NM3loB8=
github.com/pmezard/go-difflib v1.0.0 h1:4DBwDE0NGyQoBHbLQYPwSUPoCMWR5BEzIk/f1lZbAQM=
github.com/pmezard/go-difflib v1.0.0/go.mod h1:iKH77koFhYxTK1pcRnkKkqfTogsbg7gZNVY4sRDYZ/4=
github.com/rogpeppe/go-internal v1.9.0/go.mod h1:WtVeX8xhTBvf0smdhujwtBcq4Qrzq/fJaraNFVN+nFs=
github.com/rogpeppe/go-internal v1.12.0 h1:exVL4IDcn6na9z1rAb56Vxr+CgyK3nn3O+epU5NdKM8=
github.com/rogpeppe/go-internal v1.12.0/go.mod h1:E+RYuTGaKKdloAfM02xzb0FW3Paa99yedzYV+kq4uf4=
github.com/stoewer/go-strcase v1.3.0 h1:g0eASXYtp+yvN9fK8sH94oCIk0fau9uV1/ZdJ0AVEzs=
github.com/stoewer/go-strcase v1.3.0/go.mod h1:fAH5hQ5pehh+j3nZfvwdk2RgEgQjAoM8wodgtPmh1xo=
github.com/stretchr/objx v0.1.0/go.mod h1:HFkY916IF+rwdDfMAkV7OtwuqBVzrE8GR6GFx+wExME=
github.com/stretchr/objx v0.4.0/go.mod h1:YvHI0jy2hoMjB+UWwv71VJQ9isScKT/TqJzVSSt89Yw=
github.com/stretchr/objx v0.5.0/go.mod h1:Yh+to48EsGEfYuaHDzXPcE3xhTkx73EhmCGUpEOglKo=
github.com/stretchr/testify v1.7.1/go.mod h1:6Fq8oRcR53rry900zMqJjRRixrwX3KX962/h/Wwjteg=
github.com/stretchr/testify v1.8.0/go.mod h1:yNjHg4UonilssWZ8iaSj1OCr/vHnekPRkoO+kdMU+MU=
github.com/stretchr/testify v1.8.1/go.mod h1:w2LPCIKwWwSfY2zedu0+kehJoqGctiVI29o6fzry7u4=
github.com/stretchr/testify v1.9.0 h1:HtqpIVDClZ4nwg75+f6Lvsy/wHu+3BoSGCbBAcpTsTg=
github.com/stretchr/testify v1.9.0/go.mod h1:r2ic/lqez/lEtzL7wO/rwa5dbSLXVDPFyf8C91i36aY=
go.uber.org/goleak v1.3.1-0.20240607165722-898a938bf0d0 h1:sOztbJZs+dJWAIicrgoo2+cnWVBisW2PyMT274l+QEY=
go.uber.org/goleak v1.3.1-0.20240607165722-898a938bf0d0/go.mod h1:CoHD4mav9JJNrW/WLlf7HGZPjdw8EucARQHekz1X6bE=
golang.org/x/exp v0.0.0-20240707233637-46b078467d37 h1:uLDX+AfeFCct3a2C7uIWBKMJIR3CJMhcgfrUAqjRK6w=
golang.org/x/exp v0.0.0-20240707233637-46b078467d37/go.mod h1:M4RDyNAINzryxdtnbRXRL/OHtkFuWGRjvuhBJpk2IlY=
golang.org/x/net v0.27.0 h1:5K3Njcw06/l2y9vpGCSdcxWOYHOUk3dVNGDXN+FvAys=
golang.org/x/net v0.27.0/go.mod h1:dDi0PyhWNoiUOrAS8uXv/vnScO4wnHQO4mj9fn/RytE=
golang.org/x/text v0.16.0 h1:a94ExnEXNtEwYLGJSIUxnWoxoRz/ZcCsV63ROupILh4=
golang.org/x/text v0.16.0/go.mod h1:GhwF1Be+LQoKShO3cGOHzqOgRrGaYc9AvblQOmPVHnI=
google.golang.org/genproto/googleapis/api v0.0.0-20240701130421-f6361c86f094 h1:0+ozOGcrp+Y8Aq8TLNN2Aliibms5LEzsq99ZZmAGYm0=
google.golang.org/genproto/googleapis/api v0.0.0-20240701130421-f6361c86f094/go.mod h1:fJ/e3If/Q67Mj99hin0hMhiNyCRmt6BQ2aWIJshUSJw=
google.golang.org/genproto/googleapis/rpc v0.0.0-20240701130421-f6361c86f094 h1:BwIjyKYGsK9dMCBOorzRri8MQwmi7mT9rGHsCEinZkA=
google.golang.org/genproto/googleapis/rpc v0.0.0-20240701130421-f6361c86f094/go.mod h1:Ue6ibwXGpU+dqIcODieyLOcgj7z8+IcskoNIgZxtrFY=
google.golang.org/protobuf v1.34.2 h1:6xV6lTsCfpGD21XK49h7MhtcApnLqkfYgPcdHftf6hg=
google.golang.org/protobuf v1.34.2/go.mod h1:qYOHts0dSfpeUzUFpOMr/WGzszTmLH+DiWniOlNbLDw=
gopkg.in/check.v1 v0.0.0-20161208181325-20d25e280405/go.mod h1:Co6ibVJAznAaIkqp8huTwlJQCZ016jof/cbN4VW5Yz0=
gopkg.in/check.v1 v1.0.0-20201130134442-10cb98267c6c h1:Hei/4ADfdWqJk1ZMxUNpqntNwaWcugrBjAiHlqqRiVk=
gopkg.in/check.v1 v1.0.0-20201130134442-10cb98267c6c/go.mod h1:JHkPIbrfpd72SG/EVd6muEfDQjcINNoR0C8j2r3qZ4Q=
gopkg.in/yaml.v2 v2.2.8/go.mod h1:hI93XBmqTisBFMUTm0b8Fm+jr3Dg1NNxqwp+5A1VGuI=
gopkg.in/yaml.v2 v2.4.0 h1:D8xgwECY7CYvx+Y2n4sBz93Jn9JRvxdiyyo8CTfuKaY=
gopkg.in/yaml.v2 v2.4.0/go.mod h1:RDklbk79AGWmwhnvt/jBztapEOGDOx6ZbXqjP6csGnQ=
gopkg.in/yaml.v3 v3.0.0-20200313102051-9f266ea9e77c/go.mod h1:K4uyk7z7BCEPqu6E+C64Yfv1cQ7kz7rIZviUmN+EgEM=
gopkg.in/yaml.v3 v3.0.1 h1:fxVm/GzAzEWqLHuvctI91KS9hhNmmWOoWu0XTYJS7CA=
gopkg.in/yaml.v3 v3.0.1/go.mod h1:K4uyk7z7BCEPqu6E+C64Yfv1cQ7kz7rIZviUmN+EgEM=
